
Microsoft Visual Studio Solution File, Format Version 12.00
# Visual Studio Version 16
VisualStudioVersion = 16.0.31624.102
MinimumVisualStudioVersion = 10.0.40219.1
Project("{FAE04EC0-301F-11D3-BF4B-00C04F79EFBC}") = "TestProject1", "TestProject1\TestProject1.csproj", "{9495DA50-9063-48E7-A221-19CFCD85B9AA}"
EndProject
Global
	GlobalSection(SolutionConfigurationPlatforms) = preSolution
		Debug|Any CPU = Debug|Any CPU
		Release|Any CPU = Release|Any CPU
	EndGlobalSection
	GlobalSection(ProjectConfigurationPlatforms) = postSolution
		{9495DA50-9063-48E7-A221-19CFCD85B9AA}.Debug|Any CPU.ActiveCfg = Debug|Any CPU
		{9495DA50-9063-48E7-A221-19CFCD85B9AA}.Debug|Any CPU.Build.0 = Debug|Any CPU
		{9495DA50-9063-48E7-A221-19CFCD85B9AA}.Release|Any CPU.ActiveCfg = Release|Any CPU
		{9495DA50-9063-48E7-A221-19CFCD85B9AA}.Release|Any CPU.Build.0 = Release|Any CPU
	EndGlobalSection
	GlobalSection(SolutionProperties) = preSolution
		HideSolutionNode = FALSE
	EndGlobalSection
	GlobalSection(ExtensibilityGlobals) = postSolution
		SolutionGuid = {3E4C435D-1876-4B45-AACB-5877566EADD9}
	EndGlobalSection
EndGlobal
